// !$*UTF8*$!
{
	archiveVersion = 1;
	classes = {
	};
	objectVersion = 46;
	objects = {

/* Begin PBXBuildFile section */
		5C6A9B831E8054F000FE189B /* AppDelegate.swift in Sources */ = {isa = PBXBuildFile; fileRef = 5C6A9B821E8054F000FE189B /* AppDelegate.swift */; };
		5C6A9B881E8054F000FE189B /* Main.storyboard in Resources */ = {isa = PBXBuildFile; fileRef = 5C6A9B861E8054F000FE189B /* Main.storyboard */; };
		5C6A9B8A1E8054F000FE189B /* Assets.xcassets in Resources */ = {isa = PBXBuildFile; fileRef = 5C6A9B891E8054F000FE189B /* Assets.xcassets */; };
		5C6A9B8D1E8054F000FE189B /* LaunchScreen.storyboard in Resources */ = {isa = PBXBuildFile; fileRef = 5C6A9B8B1E8054F000FE189B /* LaunchScreen.storyboard */; };
		5C6A9B9B1E8070D000FE189B /* profileIcon.png in Resources */ = {isa = PBXBuildFile; fileRef = 5C6A9B9A1E8070D000FE189B /* profileIcon.png */; };
		5C709C101E89A1D300B23C8A /* APIClient.swift in Sources */ = {isa = PBXBuildFile; fileRef = 5C709C0F1E89A1D300B23C8A /* APIClient.swift */; };
		5C9569ED1E85D29500F2B524 /* LoginViewController.swift in Sources */ = {isa = PBXBuildFile; fileRef = 5C9569EC1E85D29500F2B524 /* LoginViewController.swift */; };
		5CBD97331E92383E00BAC237 /* activity.pdf in Resources */ = {isa = PBXBuildFile; fileRef = 5CBD971E1E92383E00BAC237 /* activity.pdf */; };
		5CBD97341E92383E00BAC237 /* activitySelected.pdf in Resources */ = {isa = PBXBuildFile; fileRef = 5CBD971F1E92383E00BAC237 /* activitySelected.pdf */; };
		5CBD97351E92383E00BAC237 /* app-flow.png in Resources */ = {isa = PBXBuildFile; fileRef = 5CBD97201E92383E00BAC237 /* app-flow.png */; };
		5CBD97361E92383E00BAC237 /* CloseButton.pdf in Resources */ = {isa = PBXBuildFile; fileRef = 5CBD97211E92383E00BAC237 /* CloseButton.pdf */; };
		5CBD97371E92383E00BAC237 /* Comment.pdf in Resources */ = {isa = PBXBuildFile; fileRef = 5CBD97221E92383E00BAC237 /* Comment.pdf */; };
		5CBD97381E92383E00BAC237 /* DottedSquare.pdf in Resources */ = {isa = PBXBuildFile; fileRef = 5CBD97231E92383E00BAC237 /* DottedSquare.pdf */; };
		5CBD97391E92383E00BAC237 /* home.pdf in Resources */ = {isa = PBXBuildFile; fileRef = 5CBD97241E92383E00BAC237 /* home.pdf */; };
		5CBD973A1E92383E00BAC237 /* homeSelected.pdf in Resources */ = {isa = PBXBuildFile; fileRef = 5CBD97251E92383E00BAC237 /* homeSelected.pdf */; };
		5CBD973B1E92383E00BAC237 /* HomeTab.png in Resources */ = {isa = PBXBuildFile; fileRef = 5CBD97261E92383E00BAC237 /* HomeTab.png */; };
		5CBD973C1E92383E00BAC237 /* Like.pdf in Resources */ = {isa = PBXBuildFile; fileRef = 5CBD97271E92383E00BAC237 /* Like.pdf */; };
		5CBD973D1E92383E00BAC237 /* PauseButton.pdf in Resources */ = {isa = PBXBuildFile; fileRef = 5CBD97281E92383E00BAC237 /* PauseButton.pdf */; };
		5CBD973E1E92383E00BAC237 /* PlayButton.pdf in Resources */ = {isa = PBXBuildFile; fileRef = 5CBD97291E92383E00BAC237 /* PlayButton.pdf */; };
		5CBD973F1E92383E00BAC237 /* PlayIcon.pdf in Resources */ = {isa = PBXBuildFile; fileRef = 5CBD972A1E92383E00BAC237 /* PlayIcon.pdf */; };
		5CBD97401E92383E00BAC237 /* profile.pdf in Resources */ = {isa = PBXBuildFile; fileRef = 5CBD972B1E92383E00BAC237 /* profile.pdf */; };
		5CBD97411E92383E00BAC237 /* profileSelected.pdf in Resources */ = {isa = PBXBuildFile; fileRef = 5CBD972C1E92383E00BAC237 /* profileSelected.pdf */; };
		5CBD97421E92383E00BAC237 /* QIcon.pdf in Resources */ = {isa = PBXBuildFile; fileRef = 5CBD972D1E92383E00BAC237 /* QIcon.pdf */; };
		5CBD97431E92383E00BAC237 /* search.pdf in Resources */ = {isa = PBXBuildFile; fileRef = 5CBD972E1E92383E00BAC237 /* search.pdf */; };
		5CBD97441E92383E00BAC237 /* searchSelected.pdf in Resources */ = {isa = PBXBuildFile; fileRef = 5CBD972F1E92383E00BAC237 /* searchSelected.pdf */; };
		5CBD97451E92383E00BAC237 /* SearchTab.pdf in Resources */ = {isa = PBXBuildFile; fileRef = 5CBD97301E92383E00BAC237 /* SearchTab.pdf */; };
		5CBD97461E92383E00BAC237 /* SendButton.pdf in Resources */ = {isa = PBXBuildFile; fileRef = 5CBD97311E92383E00BAC237 /* SendButton.pdf */; };
		5CBD97471E92383E00BAC237 /* shape.pdf in Resources */ = {isa = PBXBuildFile; fileRef = 5CBD97321E92383E00BAC237 /* shape.pdf */; };
		5CBD97491E9240AA00BAC237 /* ProfileViewController.swift in Sources */ = {isa = PBXBuildFile; fileRef = 5CBD97481E9240AA00BAC237 /* ProfileViewController.swift */; };
		5CD423BD1E8B98CA00478014 /* Router.swift in Sources */ = {isa = PBXBuildFile; fileRef = 5CD423BC1E8B98CA00478014 /* Router.swift */; };
		5CD423BF1E8BA17200478014 /* UserModel.swift in Sources */ = {isa = PBXBuildFile; fileRef = 5CD423BE1E8BA17200478014 /* UserModel.swift */; };
		F810D1CA50562A2069C27D52 /* Pods_whale_ios_kadeem.framework in Frameworks */ = {isa = PBXBuildFile; fileRef = 693211D78CB04336A6F0C56E /* Pods_whale_ios_kadeem.framework */; };
/* End PBXBuildFile section */

/* Begin PBXFileReference section */
		2EAF88AD4EA9A052E2CE53EB /* Pods-whale-ios-kadeem.release.xcconfig */ = {isa = PBXFileReference; includeInIndex = 1; lastKnownFileType = text.xcconfig; name = "Pods-whale-ios-kadeem.release.xcconfig"; path = "Pods/Target Support Files/Pods-whale-ios-kadeem/Pods-whale-ios-kadeem.release.xcconfig"; sourceTree = "<group>"; };
		5C6A9B7F1E8054F000FE189B /* whale-ios-kadeem.app */ = {isa = PBXFileReference; explicitFileType = wrapper.application; includeInIndex = 0; path = "whale-ios-kadeem.app"; sourceTree = BUILT_PRODUCTS_DIR; };
		5C6A9B821E8054F000FE189B /* AppDelegate.swift */ = {isa = PBXFileReference; lastKnownFileType = sourcecode.swift; path = AppDelegate.swift; sourceTree = "<group>"; };
		5C6A9B871E8054F000FE189B /* Base */ = {isa = PBXFileReference; lastKnownFileType = file.storyboard; name = Base; path = Base.lproj/Main.storyboard; sourceTree = "<group>"; };
		5C6A9B891E8054F000FE189B /* Assets.xcassets */ = {isa = PBXFileReference; lastKnownFileType = folder.assetcatalog; path = Assets.xcassets; sourceTree = "<group>"; };
		5C6A9B8C1E8054F000FE189B /* Base */ = {isa = PBXFileReference; lastKnownFileType = file.storyboard; name = Base; path = Base.lproj/LaunchScreen.storyboard; sourceTree = "<group>"; };
		5C6A9B8E1E8054F000FE189B /* Info.plist */ = {isa = PBXFileReference; lastKnownFileType = text.plist.xml; path = Info.plist; sourceTree = "<group>"; };
		5C6A9B9A1E8070D000FE189B /* profileIcon.png */ = {isa = PBXFileReference; lastKnownFileType = image.png; name = profileIcon.png; path = ../profileIcon.png; sourceTree = "<group>"; };
		5C709C0F1E89A1D300B23C8A /* APIClient.swift */ = {isa = PBXFileReference; fileEncoding = 4; lastKnownFileType = sourcecode.swift; path = APIClient.swift; sourceTree = "<group>"; };
		5C9569EC1E85D29500F2B524 /* LoginViewController.swift */ = {isa = PBXFileReference; fileEncoding = 4; lastKnownFileType = sourcecode.swift; name = LoginViewController.swift; path = UI/Storyboards/LoginViewController.swift; sourceTree = "<group>"; };
		5CBD971E1E92383E00BAC237 /* activity.pdf */ = {isa = PBXFileReference; lastKnownFileType = image.pdf; path = activity.pdf; sourceTree = "<group>"; };
		5CBD971F1E92383E00BAC237 /* activitySelected.pdf */ = {isa = PBXFileReference; lastKnownFileType = image.pdf; path = activitySelected.pdf; sourceTree = "<group>"; };
		5CBD97201E92383E00BAC237 /* app-flow.png */ = {isa = PBXFileReference; lastKnownFileType = image.png; path = "app-flow.png"; sourceTree = "<group>"; };
		5CBD97211E92383E00BAC237 /* CloseButton.pdf */ = {isa = PBXFileReference; lastKnownFileType = image.pdf; path = CloseButton.pdf; sourceTree = "<group>"; };
		5CBD97221E92383E00BAC237 /* Comment.pdf */ = {isa = PBXFileReference; lastKnownFileType = image.pdf; path = Comment.pdf; sourceTree = "<group>"; };
		5CBD97231E92383E00BAC237 /* DottedSquare.pdf */ = {isa = PBXFileReference; lastKnownFileType = image.pdf; path = DottedSquare.pdf; sourceTree = "<group>"; };
		5CBD97241E92383E00BAC237 /* home.pdf */ = {isa = PBXFileReference; lastKnownFileType = image.pdf; path = home.pdf; sourceTree = "<group>"; };
		5CBD97251E92383E00BAC237 /* homeSelected.pdf */ = {isa = PBXFileReference; lastKnownFileType = image.pdf; path = homeSelected.pdf; sourceTree = "<group>"; };
		5CBD97261E92383E00BAC237 /* HomeTab.png */ = {isa = PBXFileReference; lastKnownFileType = image.png; path = HomeTab.png; sourceTree = "<group>"; };
		5CBD97271E92383E00BAC237 /* Like.pdf */ = {isa = PBXFileReference; lastKnownFileType = image.pdf; path = Like.pdf; sourceTree = "<group>"; };
		5CBD97281E92383E00BAC237 /* PauseButton.pdf */ = {isa = PBXFileReference; lastKnownFileType = image.pdf; path = PauseButton.pdf; sourceTree = "<group>"; };
		5CBD97291E92383E00BAC237 /* PlayButton.pdf */ = {isa = PBXFileReference; lastKnownFileType = image.pdf; path = PlayButton.pdf; sourceTree = "<group>"; };
		5CBD972A1E92383E00BAC237 /* PlayIcon.pdf */ = {isa = PBXFileReference; lastKnownFileType = image.pdf; path = PlayIcon.pdf; sourceTree = "<group>"; };
		5CBD972B1E92383E00BAC237 /* profile.pdf */ = {isa = PBXFileReference; lastKnownFileType = image.pdf; path = profile.pdf; sourceTree = "<group>"; };
		5CBD972C1E92383E00BAC237 /* profileSelected.pdf */ = {isa = PBXFileReference; lastKnownFileType = image.pdf; path = profileSelected.pdf; sourceTree = "<group>"; };
		5CBD972D1E92383E00BAC237 /* QIcon.pdf */ = {isa = PBXFileReference; lastKnownFileType = image.pdf; path = QIcon.pdf; sourceTree = "<group>"; };
		5CBD972E1E92383E00BAC237 /* search.pdf */ = {isa = PBXFileReference; lastKnownFileType = image.pdf; path = search.pdf; sourceTree = "<group>"; };
		5CBD972F1E92383E00BAC237 /* searchSelected.pdf */ = {isa = PBXFileReference; lastKnownFileType = image.pdf; path = searchSelected.pdf; sourceTree = "<group>"; };
		5CBD97301E92383E00BAC237 /* SearchTab.pdf */ = {isa = PBXFileReference; lastKnownFileType = image.pdf; path = SearchTab.pdf; sourceTree = "<group>"; };
		5CBD97311E92383E00BAC237 /* SendButton.pdf */ = {isa = PBXFileReference; lastKnownFileType = image.pdf; path = SendButton.pdf; sourceTree = "<group>"; };
		5CBD97321E92383E00BAC237 /* shape.pdf */ = {isa = PBXFileReference; lastKnownFileType = image.pdf; path = shape.pdf; sourceTree = "<group>"; };
		5CBD97481E9240AA00BAC237 /* ProfileViewController.swift */ = {isa = PBXFileReference; fileEncoding = 4; lastKnownFileType = sourcecode.swift; name = ProfileViewController.swift; path = UI/Scenes/ProfileViewController.swift; sourceTree = "<group>"; };
		5CD423BC1E8B98CA00478014 /* Router.swift */ = {isa = PBXFileReference; fileEncoding = 4; lastKnownFileType = sourcecode.swift; path = Router.swift; sourceTree = "<group>"; };
		5CD423BE1E8BA17200478014 /* UserModel.swift */ = {isa = PBXFileReference; fileEncoding = 4; lastKnownFileType = sourcecode.swift; path = UserModel.swift; sourceTree = "<group>"; };
		693211D78CB04336A6F0C56E /* Pods_whale_ios_kadeem.framework */ = {isa = PBXFileReference; explicitFileType = wrapper.framework; includeInIndex = 0; path = Pods_whale_ios_kadeem.framework; sourceTree = BUILT_PRODUCTS_DIR; };
		951AC74D8EE0203FAA31D10B /* Pods-whale-ios-kadeem.debug.xcconfig */ = {isa = PBXFileReference; includeInIndex = 1; lastKnownFileType = text.xcconfig; name = "Pods-whale-ios-kadeem.debug.xcconfig"; path = "Pods/Target Support Files/Pods-whale-ios-kadeem/Pods-whale-ios-kadeem.debug.xcconfig"; sourceTree = "<group>"; };
/* End PBXFileReference section */

/* Begin PBXFrameworksBuildPhase section */
		5C6A9B7C1E8054F000FE189B /* Frameworks */ = {
			isa = PBXFrameworksBuildPhase;
			buildActionMask = 2147483647;
			files = (
				F810D1CA50562A2069C27D52 /* Pods_whale_ios_kadeem.framework in Frameworks */,
			);
			runOnlyForDeploymentPostprocessing = 0;
		};
/* End PBXFrameworksBuildPhase section */

/* Begin PBXGroup section */
		11D941D79AAD8E4B31386817 /* Pods */ = {
			isa = PBXGroup;
			children = (
				951AC74D8EE0203FAA31D10B /* Pods-whale-ios-kadeem.debug.xcconfig */,
				2EAF88AD4EA9A052E2CE53EB /* Pods-whale-ios-kadeem.release.xcconfig */,
			);
			name = Pods;
			sourceTree = "<group>";
		};
		5C6A9B761E8054F000FE189B = {
			isa = PBXGroup;
			children = (
				5C6A9B811E8054F000FE189B /* whale-ios-kadeem */,
				5C6A9B801E8054F000FE189B /* Products */,
				11D941D79AAD8E4B31386817 /* Pods */,
				5D52B72F1AA1ED49D71FDA25 /* Frameworks */,
			);
			sourceTree = "<group>";
		};
		5C6A9B801E8054F000FE189B /* Products */ = {
			isa = PBXGroup;
			children = (
				5C6A9B7F1E8054F000FE189B /* whale-ios-kadeem.app */,
			);
			name = Products;
			sourceTree = "<group>";
		};
		5C6A9B811E8054F000FE189B /* whale-ios-kadeem */ = {
			isa = PBXGroup;
			children = (
				5C709C111E8B8EFF00B23C8A /* Supporting Files */,
				5C9569EA1E85D1FB00F2B524 /* UI */,
				5C9569E71E85D15A00F2B524 /* Networking */,
				5C6A9B821E8054F000FE189B /* AppDelegate.swift */,
				5C6A9B861E8054F000FE189B /* Main.storyboard */,
			);
			path = "whale-ios-kadeem";
			sourceTree = "<group>";
		};
		5C709C111E8B8EFF00B23C8A /* Supporting Files */ = {
			isa = PBXGroup;
			children = (
				5CBD971D1E92383E00BAC237 /* Icons */,
				5C6A9B891E8054F000FE189B /* Assets.xcassets */,
				5C6A9B8B1E8054F000FE189B /* LaunchScreen.storyboard */,
				5C6A9B8E1E8054F000FE189B /* Info.plist */,
			);
			name = "Supporting Files";
			sourceTree = "<group>";
		};
		5C709C121E8B926900B23C8A /* Cells */ = {
			isa = PBXGroup;
			children = (
			);
			name = Cells;
			sourceTree = "<group>";
		};
		5C709C131E8B927500B23C8A /* Scenes */ = {
			isa = PBXGroup;
			children = (
				5C9569EC1E85D29500F2B524 /* LoginViewController.swift */,
				5CBD97481E9240AA00BAC237 /* ProfileViewController.swift */,
			);
			name = Scenes;
			sourceTree = "<group>";
		};
		5C709C141E8B928B00B23C8A /* Storyboards */ = {
			isa = PBXGroup;
			children = (
			);
			name = Storyboards;
			sourceTree = "<group>";
		};
		5C709C151E8B929C00B23C8A /* Models */ = {
			isa = PBXGroup;
			children = (
				5CD423BE1E8BA17200478014 /* UserModel.swift */,
			);
			name = Models;
			sourceTree = "<group>";
		};
		5C9569E71E85D15A00F2B524 /* Networking */ = {
			isa = PBXGroup;
			children = (
				5C709C151E8B929C00B23C8A /* Models */,
				5C709C0F1E89A1D300B23C8A /* APIClient.swift */,
				5CD423BC1E8B98CA00478014 /* Router.swift */,
			);
			name = Networking;
			sourceTree = "<group>";
		};
		5C9569EA1E85D1FB00F2B524 /* UI */ = {
			isa = PBXGroup;
			children = (
				5C709C141E8B928B00B23C8A /* Storyboards */,
				5C709C131E8B927500B23C8A /* Scenes */,
				5C709C121E8B926900B23C8A /* Cells */,
			);
			name = UI;
			sourceTree = "<group>";
		};
		5CBD971D1E92383E00BAC237 /* Icons */ = {
			isa = PBXGroup;
			children = (
				5C6A9B9A1E8070D000FE189B /* profileIcon.png */,
				5CBD971E1E92383E00BAC237 /* activity.pdf */,
				5CBD971F1E92383E00BAC237 /* activitySelected.pdf */,
				5CBD97201E92383E00BAC237 /* app-flow.png */,
				5CBD97211E92383E00BAC237 /* CloseButton.pdf */,
				5CBD97221E92383E00BAC237 /* Comment.pdf */,
				5CBD97231E92383E00BAC237 /* DottedSquare.pdf */,
				5CBD97241E92383E00BAC237 /* home.pdf */,
				5CBD97251E92383E00BAC237 /* homeSelected.pdf */,
				5CBD97261E92383E00BAC237 /* HomeTab.png */,
				5CBD97271E92383E00BAC237 /* Like.pdf */,
				5CBD97281E92383E00BAC237 /* PauseButton.pdf */,
				5CBD97291E92383E00BAC237 /* PlayButton.pdf */,
				5CBD972A1E92383E00BAC237 /* PlayIcon.pdf */,
				5CBD972B1E92383E00BAC237 /* profile.pdf */,
				5CBD972C1E92383E00BAC237 /* profileSelected.pdf */,
				5CBD972D1E92383E00BAC237 /* QIcon.pdf */,
				5CBD972E1E92383E00BAC237 /* search.pdf */,
				5CBD972F1E92383E00BAC237 /* searchSelected.pdf */,
				5CBD97301E92383E00BAC237 /* SearchTab.pdf */,
				5CBD97311E92383E00BAC237 /* SendButton.pdf */,
				5CBD97321E92383E00BAC237 /* shape.pdf */,
			);
			path = Icons;
			sourceTree = "<group>";
		};
		5D52B72F1AA1ED49D71FDA25 /* Frameworks */ = {
			isa = PBXGroup;
			children = (
				693211D78CB04336A6F0C56E /* Pods_whale_ios_kadeem.framework */,
			);
			name = Frameworks;
			sourceTree = "<group>";
		};
/* End PBXGroup section */

/* Begin PBXNativeTarget section */
		5C6A9B7E1E8054F000FE189B /* whale-ios-kadeem */ = {
			isa = PBXNativeTarget;
			buildConfigurationList = 5C6A9B911E8054F000FE189B /* Build configuration list for PBXNativeTarget "whale-ios-kadeem" */;
			buildPhases = (
				E215C2D61BF6AEE46F2B1659 /* [CP] Check Pods Manifest.lock */,
				5C6A9B7B1E8054F000FE189B /* Sources */,
				5C6A9B7C1E8054F000FE189B /* Frameworks */,
				5C6A9B7D1E8054F000FE189B /* Resources */,
				32AAFF4C9B8F1D728E584D77 /* [CP] Embed Pods Frameworks */,
				7E56D3C06A3A0EA4CC6CC660 /* [CP] Copy Pods Resources */,
			);
			buildRules = (
			);
			dependencies = (
			);
			name = "whale-ios-kadeem";
			productName = "whale-ios-kadeem";
			productReference = 5C6A9B7F1E8054F000FE189B /* whale-ios-kadeem.app */;
			productType = "com.apple.product-type.application";
		};
/* End PBXNativeTarget section */

/* Begin PBXProject section */
		5C6A9B771E8054F000FE189B /* Project object */ = {
			isa = PBXProject;
			attributes = {
				LastSwiftUpdateCheck = 0820;
				LastUpgradeCheck = 0820;
				ORGANIZATIONNAME = "Kadeem Palacios";
				TargetAttributes = {
					5C6A9B7E1E8054F000FE189B = {
						CreatedOnToolsVersion = 8.2.1;
						DevelopmentTeam = 7G8EV52YPP;
						ProvisioningStyle = Automatic;
					};
				};
			};
			buildConfigurationList = 5C6A9B7A1E8054F000FE189B /* Build configuration list for PBXProject "whale-ios-kadeem" */;
			compatibilityVersion = "Xcode 3.2";
			developmentRegion = English;
			hasScannedForEncodings = 0;
			knownRegions = (
				en,
				Base,
			);
			mainGroup = 5C6A9B761E8054F000FE189B;
			productRefGroup = 5C6A9B801E8054F000FE189B /* Products */;
			projectDirPath = "";
			projectRoot = "";
			targets = (
				5C6A9B7E1E8054F000FE189B /* whale-ios-kadeem */,
			);
		};
/* End PBXProject section */

/* Begin PBXResourcesBuildPhase section */
		5C6A9B7D1E8054F000FE189B /* Resources */ = {
			isa = PBXResourcesBuildPhase;
			buildActionMask = 2147483647;
			files = (
				5C6A9B8D1E8054F000FE189B /* LaunchScreen.storyboard in Resources */,
				5CBD97361E92383E00BAC237 /* CloseButton.pdf in Resources */,
				5CBD973A1E92383E00BAC237 /* homeSelected.pdf in Resources */,
				5C6A9B8A1E8054F000FE189B /* Assets.xcassets in Resources */,
				5CBD97461E92383E00BAC237 /* SendButton.pdf in Resources */,
				5CBD97451E92383E00BAC237 /* SearchTab.pdf in Resources */,
				5CBD97431E92383E00BAC237 /* search.pdf in Resources */,
				5CBD97401E92383E00BAC237 /* profile.pdf in Resources */,
				5CBD97411E92383E00BAC237 /* profileSelected.pdf in Resources */,
				5CBD97391E92383E00BAC237 /* home.pdf in Resources */,
				5CBD973F1E92383E00BAC237 /* PlayIcon.pdf in Resources */,
				5CBD973C1E92383E00BAC237 /* Like.pdf in Resources */,
				5CBD97381E92383E00BAC237 /* DottedSquare.pdf in Resources */,
				5C6A9B9B1E8070D000FE189B /* profileIcon.png in Resources */,
				5CBD97421E92383E00BAC237 /* QIcon.pdf in Resources */,
				5CBD97441E92383E00BAC237 /* searchSelected.pdf in Resources */,
				5CBD973E1E92383E00BAC237 /* PlayButton.pdf in Resources */,
				5C6A9B881E8054F000FE189B /* Main.storyboard in Resources */,
				5CBD973B1E92383E00BAC237 /* HomeTab.png in Resources */,
				5CBD97351E92383E00BAC237 /* app-flow.png in Resources */,
				5CBD97371E92383E00BAC237 /* Comment.pdf in Resources */,
				5CBD97341E92383E00BAC237 /* activitySelected.pdf in Resources */,
				5CBD973D1E92383E00BAC237 /* PauseButton.pdf in Resources */,
				5CBD97331E92383E00BAC237 /* activity.pdf in Resources */,
				5CBD97471E92383E00BAC237 /* shape.pdf in Resources */,
			);
			runOnlyForDeploymentPostprocessing = 0;
		};
/* End PBXResourcesBuildPhase section */

/* Begin PBXShellScriptBuildPhase section */
		32AAFF4C9B8F1D728E584D77 /* [CP] Embed Pods Frameworks */ = {
			isa = PBXShellScriptBuildPhase;
			buildActionMask = 2147483647;
			files = (
			);
			inputPaths = (
			);
			name = "[CP] Embed Pods Frameworks";
			outputPaths = (
			);
			runOnlyForDeploymentPostprocessing = 0;
			shellPath = /bin/sh;
			shellScript = "\"${SRCROOT}/Pods/Target Support Files/Pods-whale-ios-kadeem/Pods-whale-ios-kadeem-frameworks.sh\"\n";
			showEnvVarsInLog = 0;
		};
		7E56D3C06A3A0EA4CC6CC660 /* [CP] Copy Pods Resources */ = {
			isa = PBXShellScriptBuildPhase;
			buildActionMask = 2147483647;
			files = (
			);
			inputPaths = (
			);
			name = "[CP] Copy Pods Resources";
			outputPaths = (
			);
			runOnlyForDeploymentPostprocessing = 0;
			shellPath = /bin/sh;
			shellScript = "\"${SRCROOT}/Pods/Target Support Files/Pods-whale-ios-kadeem/Pods-whale-ios-kadeem-resources.sh\"\n";
			showEnvVarsInLog = 0;
		};
		E215C2D61BF6AEE46F2B1659 /* [CP] Check Pods Manifest.lock */ = {
			isa = PBXShellScriptBuildPhase;
			buildActionMask = 2147483647;
			files = (
			);
			inputPaths = (
			);
			name = "[CP] Check Pods Manifest.lock";
			outputPaths = (
			);
			runOnlyForDeploymentPostprocessing = 0;
			shellPath = /bin/sh;
			shellScript = "diff \"${PODS_ROOT}/../Podfile.lock\" \"${PODS_ROOT}/Manifest.lock\" > /dev/null\nif [ $? != 0 ] ; then\n    # print error to STDERR\n    echo \"error: The sandbox is not in sync with the Podfile.lock. Run 'pod install' or update your CocoaPods installation.\" >&2\n    exit 1\nfi\n";
			showEnvVarsInLog = 0;
		};
/* End PBXShellScriptBuildPhase section */

/* Begin PBXSourcesBuildPhase section */
		5C6A9B7B1E8054F000FE189B /* Sources */ = {
			isa = PBXSourcesBuildPhase;
			buildActionMask = 2147483647;
			files = (
				5CBD97491E9240AA00BAC237 /* ProfileViewController.swift in Sources */,
				5CD423BD1E8B98CA00478014 /* Router.swift in Sources */,
				5C9569ED1E85D29500F2B524 /* LoginViewController.swift in Sources */,
				5C709C101E89A1D300B23C8A /* APIClient.swift in Sources */,
				5CD423BF1E8BA17200478014 /* UserModel.swift in Sources */,
				5C6A9B831E8054F000FE189B /* AppDelegate.swift in Sources */,
			);
			runOnlyForDeploymentPostprocessing = 0;
		};
/* End PBXSourcesBuildPhase section */

/* Begin PBXVariantGroup section */
		5C6A9B861E8054F000FE189B /* Main.storyboard */ = {
			isa = PBXVariantGroup;
			children = (
				5C6A9B871E8054F000FE189B /* Base */,
			);
			name = Main.storyboard;
			sourceTree = "<group>";
		};
		5C6A9B8B1E8054F000FE189B /* LaunchScreen.storyboard */ = {
			isa = PBXVariantGroup;
			children = (
				5C6A9B8C1E8054F000FE189B /* Base */,
			);
			name = LaunchScreen.storyboard;
			sourceTree = "<group>";
		};
/* End PBXVariantGroup section */

/* Begin XCBuildConfiguration section */
		5C6A9B8F1E8054F000FE189B /* Debug */ = {
			isa = XCBuildConfiguration;
			buildSettings = {
				ALWAYS_SEARCH_USER_PATHS = NO;
				CLANG_ANALYZER_NONNULL = YES;
				CLANG_CXX_LANGUAGE_STANDARD = "gnu++0x";
				CLANG_CXX_LIBRARY = "libc++";
				CLANG_ENABLE_MODULES = YES;
				CLANG_ENABLE_OBJC_ARC = YES;
				CLANG_WARN_BOOL_CONVERSION = YES;
				CLANG_WARN_CONSTANT_CONVERSION = YES;
				CLANG_WARN_DIRECT_OBJC_ISA_USAGE = YES_ERROR;
				CLANG_WARN_DOCUMENTATION_COMMENTS = YES;
				CLANG_WARN_EMPTY_BODY = YES;
				CLANG_WARN_ENUM_CONVERSION = YES;
				CLANG_WARN_INFINITE_RECURSION = YES;
				CLANG_WARN_INT_CONVERSION = YES;
				CLANG_WARN_OBJC_ROOT_CLASS = YES_ERROR;
				CLANG_WARN_SUSPICIOUS_MOVE = YES;
				CLANG_WARN_UNREACHABLE_CODE = YES;
				CLANG_WARN__DUPLICATE_METHOD_MATCH = YES;
				"CODE_SIGN_IDENTITY[sdk=iphoneos*]" = "iPhone Developer";
				COPY_PHASE_STRIP = NO;
				DEBUG_INFORMATION_FORMAT = dwarf;
				ENABLE_STRICT_OBJC_MSGSEND = YES;
				ENABLE_TESTABILITY = YES;
				GCC_C_LANGUAGE_STANDARD = gnu99;
				GCC_DYNAMIC_NO_PIC = NO;
				GCC_NO_COMMON_BLOCKS = YES;
				GCC_OPTIMIZATION_LEVEL = 0;
				GCC_PREPROCESSOR_DEFINITIONS = (
					"DEBUG=1",
					"$(inherited)",
				);
				GCC_WARN_64_TO_32_BIT_CONVERSION = YES;
				GCC_WARN_ABOUT_RETURN_TYPE = YES_ERROR;
				GCC_WARN_UNDECLARED_SELECTOR = YES;
				GCC_WARN_UNINITIALIZED_AUTOS = YES_AGGRESSIVE;
				GCC_WARN_UNUSED_FUNCTION = YES;
				GCC_WARN_UNUSED_VARIABLE = YES;
				IPHONEOS_DEPLOYMENT_TARGET = 10.2;
				MTL_ENABLE_DEBUG_INFO = YES;
				ONLY_ACTIVE_ARCH = YES;
				SDKROOT = iphoneos;
				SWIFT_ACTIVE_COMPILATION_CONDITIONS = DEBUG;
				SWIFT_OPTIMIZATION_LEVEL = "-Onone";
				TARGETED_DEVICE_FAMILY = "1,2";
			};
			name = Debug;
		};
		5C6A9B901E8054F000FE189B /* Release */ = {
			isa = XCBuildConfiguration;
			buildSettings = {
				ALWAYS_SEARCH_USER_PATHS = NO;
				CLANG_ANALYZER_NONNULL = YES;
				CLANG_CXX_LANGUAGE_STANDARD = "gnu++0x";
				CLANG_CXX_LIBRARY = "libc++";
				CLANG_ENABLE_MODULES = YES;
				CLANG_ENABLE_OBJC_ARC = YES;
				CLANG_WARN_BOOL_CONVERSION = YES;
				CLANG_WARN_CONSTANT_CONVERSION = YES;
				CLANG_WARN_DIRECT_OBJC_ISA_USAGE = YES_ERROR;
				CLANG_WARN_DOCUMENTATION_COMMENTS = YES;
				CLANG_WARN_EMPTY_BODY = YES;
				CLANG_WARN_ENUM_CONVERSION = YES;
				CLANG_WARN_INFINITE_RECURSION = YES;
				CLANG_WARN_INT_CONVERSION = YES;
				CLANG_WARN_OBJC_ROOT_CLASS = YES_ERROR;
				CLANG_WARN_SUSPICIOUS_MOVE = YES;
				CLANG_WARN_UNREACHABLE_CODE = YES;
				CLANG_WARN__DUPLICATE_METHOD_MATCH = YES;
				"CODE_SIGN_IDENTITY[sdk=iphoneos*]" = "iPhone Developer";
				COPY_PHASE_STRIP = NO;
				DEBUG_INFORMATION_FORMAT = "dwarf-with-dsym";
				ENABLE_NS_ASSERTIONS = NO;
				ENABLE_STRICT_OBJC_MSGSEND = YES;
				GCC_C_LANGUAGE_STANDARD = gnu99;
				GCC_NO_COMMON_BLOCKS = YES;
				GCC_WARN_64_TO_32_BIT_CONVERSION = YES;
				GCC_WARN_ABOUT_RETURN_TYPE = YES_ERROR;
				GCC_WARN_UNDECLARED_SELECTOR = YES;
				GCC_WARN_UNINITIALIZED_AUTOS = YES_AGGRESSIVE;
				GCC_WARN_UNUSED_FUNCTION = YES;
				GCC_WARN_UNUSED_VARIABLE = YES;
				IPHONEOS_DEPLOYMENT_TARGET = 10.2;
				MTL_ENABLE_DEBUG_INFO = NO;
				SDKROOT = iphoneos;
				SWIFT_OPTIMIZATION_LEVEL = "-Owholemodule";
				TARGETED_DEVICE_FAMILY = "1,2";
				VALIDATE_PRODUCT = YES;
			};
			name = Release;
		};
		5C6A9B921E8054F000FE189B /* Debug */ = {
			isa = XCBuildConfiguration;
			baseConfigurationReference = 951AC74D8EE0203FAA31D10B /* Pods-whale-ios-kadeem.debug.xcconfig */;
			buildSettings = {
				ASSETCATALOG_COMPILER_APPICON_NAME = AppIcon;
				DEVELOPMENT_TEAM = 7G8EV52YPP;
				INFOPLIST_FILE = "whale-ios-kadeem/Info.plist";
				LD_RUNPATH_SEARCH_PATHS = "$(inherited) @executable_path/Frameworks";
				PRODUCT_BUNDLE_IDENTIFIER = "com.whale-ios-kadeem";
				PRODUCT_NAME = "$(TARGET_NAME)";
				SWIFT_VERSION = 3.0;
			};
			name = Debug;
		};
		5C6A9B931E8054F000FE189B /* Release */ = {
			isa = XCBuildConfiguration;
			baseConfigurationReference = 2EAF88AD4EA9A052E2CE53EB /* Pods-whale-ios-kadeem.release.xcconfig */;
			buildSettings = {
				ASSETCATALOG_COMPILER_APPICON_NAME = AppIcon;
				DEVELOPMENT_TEAM = 7G8EV52YPP;
				INFOPLIST_FILE = "whale-ios-kadeem/Info.plist";
				LD_RUNPATH_SEARCH_PATHS = "$(inherited) @executable_path/Frameworks";
				PRODUCT_BUNDLE_IDENTIFIER = "com.whale-ios-kadeem";
				PRODUCT_NAME = "$(TARGET_NAME)";
				SWIFT_VERSION = 3.0;
			};
			name = Release;
		};
/* End XCBuildConfiguration section */

/* Begin XCConfigurationList section */
		5C6A9B7A1E8054F000FE189B /* Build configuration list for PBXProject "whale-ios-kadeem" */ = {
			isa = XCConfigurationList;
			buildConfigurations = (
				5C6A9B8F1E8054F000FE189B /* Debug */,
				5C6A9B901E8054F000FE189B /* Release */,
			);
			defaultConfigurationIsVisible = 0;
			defaultConfigurationName = Release;
		};
		5C6A9B911E8054F000FE189B /* Build configuration list for PBXNativeTarget "whale-ios-kadeem" */ = {
			isa = XCConfigurationList;
			buildConfigurations = (
				5C6A9B921E8054F000FE189B /* Debug */,
				5C6A9B931E8054F000FE189B /* Release */,
			);
			defaultConfigurationIsVisible = 0;
			defaultConfigurationName = Release;
		};
/* End XCConfigurationList section */
	};
	rootObject = 5C6A9B771E8054F000FE189B /* Project object */;
}
