// !$*UTF8*$!
{
	archiveVersion = 1;
	classes = {
	};
	objectVersion = 46;
	objects = {

/* Begin PBXBuildFile section */
		5C6A9B831E8054F000FE189B /* AppDelegate.swift in Sources */ = {isa = PBXBuildFile; fileRef = 5C6A9B821E8054F000FE189B /* AppDelegate.swift */; };
		5C6A9B851E8054F000FE189B /* ViewController.swift in Sources */ = {isa = PBXBuildFile; fileRef = 5C6A9B841E8054F000FE189B /* ViewController.swift */; };
		5C6A9B881E8054F000FE189B /* Main.storyboard in Resources */ = {isa = PBXBuildFile; fileRef = 5C6A9B861E8054F000FE189B /* Main.storyboard */; };
		5C6A9B8A1E8054F000FE189B /* Assets.xcassets in Resources */ = {isa = PBXBuildFile; fileRef = 5C6A9B891E8054F000FE189B /* Assets.xcassets */; };
		5C6A9B8D1E8054F000FE189B /* LaunchScreen.storyboard in Resources */ = {isa = PBXBuildFile; fileRef = 5C6A9B8B1E8054F000FE189B /* LaunchScreen.storyboard */; };
		5C6A9B971E8055B200FE189B /* Extensions in Resources */ = {isa = PBXBuildFile; fileRef = 5C6A9B941E8055B200FE189B /* Extensions */; };
		5C6A9B981E8055B200FE189B /* Networking in Resources */ = {isa = PBXBuildFile; fileRef = 5C6A9B951E8055B200FE189B /* Networking */; };
		5C6A9B991E8055B200FE189B /* UI in Resources */ = {isa = PBXBuildFile; fileRef = 5C6A9B961E8055B200FE189B /* UI */; };
		5C6A9B9B1E8070D000FE189B /* profileIcon.png in Resources */ = {isa = PBXBuildFile; fileRef = 5C6A9B9A1E8070D000FE189B /* profileIcon.png */; };
		6AD089E67BCDC366F03A3D7D /* Pods_whale_ios_kadeem.framework in Frameworks */ = {isa = PBXBuildFile; fileRef = 7AB0A08EC21F549E2220A78D /* Pods_whale_ios_kadeem.framework */; };
/* End PBXBuildFile section */

/* Begin PBXFileReference section */
		12A6B829C65D8A48563E0A39 /* Pods-whale-ios-kadeem.release.xcconfig */ = {isa = PBXFileReference; includeInIndex = 1; lastKnownFileType = text.xcconfig; name = "Pods-whale-ios-kadeem.release.xcconfig"; path = "Pods/Target Support Files/Pods-whale-ios-kadeem/Pods-whale-ios-kadeem.release.xcconfig"; sourceTree = "<group>"; };
		277A0D880F46ACC5DD59EF6E /* Pods-whale-ios-kadeem.debug.xcconfig */ = {isa = PBXFileReference; includeInIndex = 1; lastKnownFileType = text.xcconfig; name = "Pods-whale-ios-kadeem.debug.xcconfig"; path = "Pods/Target Support Files/Pods-whale-ios-kadeem/Pods-whale-ios-kadeem.debug.xcconfig"; sourceTree = "<group>"; };
		5C6A9B7F1E8054F000FE189B /* whale-ios-kadeem.app */ = {isa = PBXFileReference; explicitFileType = wrapper.application; includeInIndex = 0; path = "whale-ios-kadeem.app"; sourceTree = BUILT_PRODUCTS_DIR; };
		5C6A9B821E8054F000FE189B /* AppDelegate.swift */ = {isa = PBXFileReference; lastKnownFileType = sourcecode.swift; path = AppDelegate.swift; sourceTree = "<group>"; };
		5C6A9B841E8054F000FE189B /* ViewController.swift */ = {isa = PBXFileReference; lastKnownFileType = sourcecode.swift; path = ViewController.swift; sourceTree = "<group>"; };
		5C6A9B871E8054F000FE189B /* Base */ = {isa = PBXFileReference; lastKnownFileType = file.storyboard; name = Base; path = Base.lproj/Main.storyboard; sourceTree = "<group>"; };
		5C6A9B891E8054F000FE189B /* Assets.xcassets */ = {isa = PBXFileReference; lastKnownFileType = folder.assetcatalog; path = Assets.xcassets; sourceTree = "<group>"; };
		5C6A9B8C1E8054F000FE189B /* Base */ = {isa = PBXFileReference; lastKnownFileType = file.storyboard; name = Base; path = Base.lproj/LaunchScreen.storyboard; sourceTree = "<group>"; };
		5C6A9B8E1E8054F000FE189B /* Info.plist */ = {isa = PBXFileReference; lastKnownFileType = text.plist.xml; path = Info.plist; sourceTree = "<group>"; };
		5C6A9B941E8055B200FE189B /* Extensions */ = {isa = PBXFileReference; lastKnownFileType = folder; path = Extensions; sourceTree = "<group>"; };
		5C6A9B951E8055B200FE189B /* Networking */ = {isa = PBXFileReference; lastKnownFileType = folder; path = Networking; sourceTree = "<group>"; };
		5C6A9B961E8055B200FE189B /* UI */ = {isa = PBXFileReference; lastKnownFileType = folder; path = UI; sourceTree = "<group>"; };
		5C6A9B9A1E8070D000FE189B /* profileIcon.png */ = {isa = PBXFileReference; lastKnownFileType = image.png; path = profileIcon.png; sourceTree = "<group>"; };
		7AB0A08EC21F549E2220A78D /* Pods_whale_ios_kadeem.framework */ = {isa = PBXFileReference; explicitFileType = wrapper.framework; includeInIndex = 0; path = Pods_whale_ios_kadeem.framework; sourceTree = BUILT_PRODUCTS_DIR; };
/* End PBXFileReference section */

/* Begin PBXFrameworksBuildPhase section */
		5C6A9B7C1E8054F000FE189B /* Frameworks */ = {
			isa = PBXFrameworksBuildPhase;
			buildActionMask = 2147483647;
			files = (
				6AD089E67BCDC366F03A3D7D /* Pods_whale_ios_kadeem.framework in Frameworks */,
			);
			runOnlyForDeploymentPostprocessing = 0;
		};
/* End PBXFrameworksBuildPhase section */

/* Begin PBXGroup section */
		5C6A9B761E8054F000FE189B = {
			isa = PBXGroup;
			children = (
				5C6A9B811E8054F000FE189B /* whale-ios-kadeem */,
				5C6A9B801E8054F000FE189B /* Products */,
				E01A825FBE1F5BF7331C2DC2 /* Pods */,
				7C45864A1A732050287FCA7E /* Frameworks */,
			);
			sourceTree = "<group>";
		};
		5C6A9B801E8054F000FE189B /* Products */ = {
			isa = PBXGroup;
			children = (
				5C6A9B7F1E8054F000FE189B /* whale-ios-kadeem.app */,
			);
			name = Products;
			sourceTree = "<group>";
		};
		5C6A9B811E8054F000FE189B /* whale-ios-kadeem */ = {
			isa = PBXGroup;
			children = (
				5C6A9B941E8055B200FE189B /* Extensions */,
				5C6A9B951E8055B200FE189B /* Networking */,
				5C6A9B961E8055B200FE189B /* UI */,
				5C6A9B821E8054F000FE189B /* AppDelegate.swift */,
				5C6A9B841E8054F000FE189B /* ViewController.swift */,
				5C6A9B861E8054F000FE189B /* Main.storyboard */,
				5C6A9B9A1E8070D000FE189B /* profileIcon.png */,
				5C6A9B891E8054F000FE189B /* Assets.xcassets */,
				5C6A9B8B1E8054F000FE189B /* LaunchScreen.storyboard */,
				5C6A9B8E1E8054F000FE189B /* Info.plist */,
			);
			path = "whale-ios-kadeem";
			sourceTree = "<group>";
		};
		7C45864A1A732050287FCA7E /* Frameworks */ = {
			isa = PBXGroup;
			children = (
				7AB0A08EC21F549E2220A78D /* Pods_whale_ios_kadeem.framework */,
			);
			name = Frameworks;
			sourceTree = "<group>";
		};
		E01A825FBE1F5BF7331C2DC2 /* Pods */ = {
			isa = PBXGroup;
			children = (
				277A0D880F46ACC5DD59EF6E /* Pods-whale-ios-kadeem.debug.xcconfig */,
				12A6B829C65D8A48563E0A39 /* Pods-whale-ios-kadeem.release.xcconfig */,
			);
			name = Pods;
			sourceTree = "<group>";
		};
/* End PBXGroup section */

/* Begin PBXNativeTarget section */
		5C6A9B7E1E8054F000FE189B /* whale-ios-kadeem */ = {
			isa = PBXNativeTarget;
			buildConfigurationList = 5C6A9B911E8054F000FE189B /* Build configuration list for PBXNativeTarget "whale-ios-kadeem" */;
			buildPhases = (
				7A8C97577CA0E8D3B2FDF7EB /* [CP] Check Pods Manifest.lock */,
				5C6A9B7B1E8054F000FE189B /* Sources */,
				5C6A9B7C1E8054F000FE189B /* Frameworks */,
				5C6A9B7D1E8054F000FE189B /* Resources */,
				B4515FB31CF9F9827C761CE3 /* [CP] Embed Pods Frameworks */,
				48A4A3A84C1959589CB68482 /* [CP] Copy Pods Resources */,
			);
			buildRules = (
			);
			dependencies = (
			);
			name = "whale-ios-kadeem";
			productName = "whale-ios-kadeem";
			productReference = 5C6A9B7F1E8054F000FE189B /* whale-ios-kadeem.app */;
			productType = "com.apple.product-type.application";
		};
/* End PBXNativeTarget section */

/* Begin PBXProject section */
		5C6A9B771E8054F000FE189B /* Project object */ = {
			isa = PBXProject;
			attributes = {
				LastSwiftUpdateCheck = 0820;
				LastUpgradeCheck = 0820;
				ORGANIZATIONNAME = "Kadeem Palacios";
				TargetAttributes = {
					5C6A9B7E1E8054F000FE189B = {
						CreatedOnToolsVersion = 8.2.1;
						DevelopmentTeam = 7G8EV52YPP;
						ProvisioningStyle = Automatic;
					};
				};
			};
			buildConfigurationList = 5C6A9B7A1E8054F000FE189B /* Build configuration list for PBXProject "whale-ios-kadeem" */;
			compatibilityVersion = "Xcode 3.2";
			developmentRegion = English;
			hasScannedForEncodings = 0;
			knownRegions = (
				en,
				Base,
			);
			mainGroup = 5C6A9B761E8054F000FE189B;
			productRefGroup = 5C6A9B801E8054F000FE189B /* Products */;
			projectDirPath = "";
			projectRoot = "";
			targets = (
				5C6A9B7E1E8054F000FE189B /* whale-ios-kadeem */,
			);
		};
/* End PBXProject section */

/* Begin PBXResourcesBuildPhase section */
		5C6A9B7D1E8054F000FE189B /* Resources */ = {
			isa = PBXResourcesBuildPhase;
			buildActionMask = 2147483647;
			files = (
				5C6A9B8D1E8054F000FE189B /* LaunchScreen.storyboard in Resources */,
				5C6A9B8A1E8054F000FE189B /* Assets.xcassets in Resources */,
				5C6A9B971E8055B200FE189B /* Extensions in Resources */,
				5C6A9B9B1E8070D000FE189B /* profileIcon.png in Resources */,
				5C6A9B981E8055B200FE189B /* Networking in Resources */,
				5C6A9B991E8055B200FE189B /* UI in Resources */,
				5C6A9B881E8054F000FE189B /* Main.storyboard in Resources */,
			);
			runOnlyForDeploymentPostprocessing = 0;
		};
/* End PBXResourcesBuildPhase section */

/* Begin PBXShellScriptBuildPhase section */
		48A4A3A84C1959589CB68482 /* [CP] Copy Pods Resources */ = {
			isa = PBXShellScriptBuildPhase;
			buildActionMask = 2147483647;
			files = (
			);
			inputPaths = (
			);
			name = "[CP] Copy Pods Resources";
			outputPaths = (
			);
			runOnlyForDeploymentPostprocessing = 0;
			shellPath = /bin/sh;
			shellScript = "\"${SRCROOT}/Pods/Target Support Files/Pods-whale-ios-kadeem/Pods-whale-ios-kadeem-resources.sh\"\n";
			showEnvVarsInLog = 0;
		};
		7A8C97577CA0E8D3B2FDF7EB /* [CP] Check Pods Manifest.lock */ = {
			isa = PBXShellScriptBuildPhase;
			buildActionMask = 2147483647;
			files = (
			);
			inputPaths = (
			);
			name = "[CP] Check Pods Manifest.lock";
			outputPaths = (
			);
			runOnlyForDeploymentPostprocessing = 0;
			shellPath = /bin/sh;
			shellScript = "diff \"${PODS_ROOT}/../Podfile.lock\" \"${PODS_ROOT}/Manifest.lock\" > /dev/null\nif [ $? != 0 ] ; then\n    # print error to STDERR\n    echo \"error: The sandbox is not in sync with the Podfile.lock. Run 'pod install' or update your CocoaPods installation.\" >&2\n    exit 1\nfi\n";
			showEnvVarsInLog = 0;
		};
		B4515FB31CF9F9827C761CE3 /* [CP] Embed Pods Frameworks */ = {
			isa = PBXShellScriptBuildPhase;
			buildActionMask = 2147483647;
			files = (
			);
			inputPaths = (
			);
			name = "[CP] Embed Pods Frameworks";
			outputPaths = (
			);
			runOnlyForDeploymentPostprocessing = 0;
			shellPath = /bin/sh;
			shellScript = "\"${SRCROOT}/Pods/Target Support Files/Pods-whale-ios-kadeem/Pods-whale-ios-kadeem-frameworks.sh\"\n";
			showEnvVarsInLog = 0;
		};
/* End PBXShellScriptBuildPhase section */

/* Begin PBXSourcesBuildPhase section */
		5C6A9B7B1E8054F000FE189B /* Sources */ = {
			isa = PBXSourcesBuildPhase;
			buildActionMask = 2147483647;
			files = (
				5C6A9B851E8054F000FE189B /* ViewController.swift in Sources */,
				5C6A9B831E8054F000FE189B /* AppDelegate.swift in Sources */,
			);
			runOnlyForDeploymentPostprocessing = 0;
		};
/* End PBXSourcesBuildPhase section */

/* Begin PBXVariantGroup section */
		5C6A9B861E8054F000FE189B /* Main.storyboard */ = {
			isa = PBXVariantGroup;
			children = (
				5C6A9B871E8054F000FE189B /* Base */,
			);
			name = Main.storyboard;
			sourceTree = "<group>";
		};
		5C6A9B8B1E8054F000FE189B /* LaunchScreen.storyboard */ = {
			isa = PBXVariantGroup;
			children = (
				5C6A9B8C1E8054F000FE189B /* Base */,
			);
			name = LaunchScreen.storyboard;
			sourceTree = "<group>";
		};
/* End PBXVariantGroup section */

/* Begin XCBuildConfiguration section */
		5C6A9B8F1E8054F000FE189B /* Debug */ = {
			isa = XCBuildConfiguration;
			buildSettings = {
				ALWAYS_SEARCH_USER_PATHS = NO;
				CLANG_ANALYZER_NONNULL = YES;
				CLANG_CXX_LANGUAGE_STANDARD = "gnu++0x";
				CLANG_CXX_LIBRARY = "libc++";
				CLANG_ENABLE_MODULES = YES;
				CLANG_ENABLE_OBJC_ARC = YES;
				CLANG_WARN_BOOL_CONVERSION = YES;
				CLANG_WARN_CONSTANT_CONVERSION = YES;
				CLANG_WARN_DIRECT_OBJC_ISA_USAGE = YES_ERROR;
				CLANG_WARN_DOCUMENTATION_COMMENTS = YES;
				CLANG_WARN_EMPTY_BODY = YES;
				CLANG_WARN_ENUM_CONVERSION = YES;
				CLANG_WARN_INFINITE_RECURSION = YES;
				CLANG_WARN_INT_CONVERSION = YES;
				CLANG_WARN_OBJC_ROOT_CLASS = YES_ERROR;
				CLANG_WARN_SUSPICIOUS_MOVE = YES;
				CLANG_WARN_UNREACHABLE_CODE = YES;
				CLANG_WARN__DUPLICATE_METHOD_MATCH = YES;
				"CODE_SIGN_IDENTITY[sdk=iphoneos*]" = "iPhone Developer";
				COPY_PHASE_STRIP = NO;
				DEBUG_INFORMATION_FORMAT = dwarf;
				ENABLE_STRICT_OBJC_MSGSEND = YES;
				ENABLE_TESTABILITY = YES;
				GCC_C_LANGUAGE_STANDARD = gnu99;
				GCC_DYNAMIC_NO_PIC = NO;
				GCC_NO_COMMON_BLOCKS = YES;
				GCC_OPTIMIZATION_LEVEL = 0;
				GCC_PREPROCESSOR_DEFINITIONS = (
					"DEBUG=1",
					"$(inherited)",
				);
				GCC_WARN_64_TO_32_BIT_CONVERSION = YES;
				GCC_WARN_ABOUT_RETURN_TYPE = YES_ERROR;
				GCC_WARN_UNDECLARED_SELECTOR = YES;
				GCC_WARN_UNINITIALIZED_AUTOS = YES_AGGRESSIVE;
				GCC_WARN_UNUSED_FUNCTION = YES;
				GCC_WARN_UNUSED_VARIABLE = YES;
				IPHONEOS_DEPLOYMENT_TARGET = 10.2;
				MTL_ENABLE_DEBUG_INFO = YES;
				ONLY_ACTIVE_ARCH = YES;
				SDKROOT = iphoneos;
				SWIFT_ACTIVE_COMPILATION_CONDITIONS = DEBUG;
				SWIFT_OPTIMIZATION_LEVEL = "-Onone";
				TARGETED_DEVICE_FAMILY = "1,2";
			};
			name = Debug;
		};
		5C6A9B901E8054F000FE189B /* Release */ = {
			isa = XCBuildConfiguration;
			buildSettings = {
				ALWAYS_SEARCH_USER_PATHS = NO;
				CLANG_ANALYZER_NONNULL = YES;
				CLANG_CXX_LANGUAGE_STANDARD = "gnu++0x";
				CLANG_CXX_LIBRARY = "libc++";
				CLANG_ENABLE_MODULES = YES;
				CLANG_ENABLE_OBJC_ARC = YES;
				CLANG_WARN_BOOL_CONVERSION = YES;
				CLANG_WARN_CONSTANT_CONVERSION = YES;
				CLANG_WARN_DIRECT_OBJC_ISA_USAGE = YES_ERROR;
				CLANG_WARN_DOCUMENTATION_COMMENTS = YES;
				CLANG_WARN_EMPTY_BODY = YES;
				CLANG_WARN_ENUM_CONVERSION = YES;
				CLANG_WARN_INFINITE_RECURSION = YES;
				CLANG_WARN_INT_CONVERSION = YES;
				CLANG_WARN_OBJC_ROOT_CLASS = YES_ERROR;
				CLANG_WARN_SUSPICIOUS_MOVE = YES;
				CLANG_WARN_UNREACHABLE_CODE = YES;
				CLANG_WARN__DUPLICATE_METHOD_MATCH = YES;
				"CODE_SIGN_IDENTITY[sdk=iphoneos*]" = "iPhone Developer";
				COPY_PHASE_STRIP = NO;
				DEBUG_INFORMATION_FORMAT = "dwarf-with-dsym";
				ENABLE_NS_ASSERTIONS = NO;
				ENABLE_STRICT_OBJC_MSGSEND = YES;
				GCC_C_LANGUAGE_STANDARD = gnu99;
				GCC_NO_COMMON_BLOCKS = YES;
				GCC_WARN_64_TO_32_BIT_CONVERSION = YES;
				GCC_WARN_ABOUT_RETURN_TYPE = YES_ERROR;
				GCC_WARN_UNDECLARED_SELECTOR = YES;
				GCC_WARN_UNINITIALIZED_AUTOS = YES_AGGRESSIVE;
				GCC_WARN_UNUSED_FUNCTION = YES;
				GCC_WARN_UNUSED_VARIABLE = YES;
				IPHONEOS_DEPLOYMENT_TARGET = 10.2;
				MTL_ENABLE_DEBUG_INFO = NO;
				SDKROOT = iphoneos;
				SWIFT_OPTIMIZATION_LEVEL = "-Owholemodule";
				TARGETED_DEVICE_FAMILY = "1,2";
				VALIDATE_PRODUCT = YES;
			};
			name = Release;
		};
		5C6A9B921E8054F000FE189B /* Debug */ = {
			isa = XCBuildConfiguration;
			baseConfigurationReference = 277A0D880F46ACC5DD59EF6E /* Pods-whale-ios-kadeem.debug.xcconfig */;
			buildSettings = {
				ASSETCATALOG_COMPILER_APPICON_NAME = AppIcon;
				DEVELOPMENT_TEAM = 7G8EV52YPP;
				INFOPLIST_FILE = "whale-ios-kadeem/Info.plist";
				LD_RUNPATH_SEARCH_PATHS = "$(inherited) @executable_path/Frameworks";
				PRODUCT_BUNDLE_IDENTIFIER = "com.whale-ios-kadeem";
				PRODUCT_NAME = "$(TARGET_NAME)";
				SWIFT_VERSION = 3.0;
			};
			name = Debug;
		};
		5C6A9B931E8054F000FE189B /* Release */ = {
			isa = XCBuildConfiguration;
			baseConfigurationReference = 12A6B829C65D8A48563E0A39 /* Pods-whale-ios-kadeem.release.xcconfig */;
			buildSettings = {
				ASSETCATALOG_COMPILER_APPICON_NAME = AppIcon;
				DEVELOPMENT_TEAM = 7G8EV52YPP;
				INFOPLIST_FILE = "whale-ios-kadeem/Info.plist";
				LD_RUNPATH_SEARCH_PATHS = "$(inherited) @executable_path/Frameworks";
				PRODUCT_BUNDLE_IDENTIFIER = "com.whale-ios-kadeem";
				PRODUCT_NAME = "$(TARGET_NAME)";
				SWIFT_VERSION = 3.0;
			};
			name = Release;
		};
/* End XCBuildConfiguration section */

/* Begin XCConfigurationList section */
		5C6A9B7A1E8054F000FE189B /* Build configuration list for PBXProject "whale-ios-kadeem" */ = {
			isa = XCConfigurationList;
			buildConfigurations = (
				5C6A9B8F1E8054F000FE189B /* Debug */,
				5C6A9B901E8054F000FE189B /* Release */,
			);
			defaultConfigurationIsVisible = 0;
			defaultConfigurationName = Release;
		};
		5C6A9B911E8054F000FE189B /* Build configuration list for PBXNativeTarget "whale-ios-kadeem" */ = {
			isa = XCConfigurationList;
			buildConfigurations = (
				5C6A9B921E8054F000FE189B /* Debug */,
				5C6A9B931E8054F000FE189B /* Release */,
			);
			defaultConfigurationIsVisible = 0;
		};
/* End XCConfigurationList section */
	};
	rootObject = 5C6A9B771E8054F000FE189B /* Project object */;
}
